dependencies:
  brookesia_core:
    dependencies: []
    source:
      path: C:\Users\ad\Desktop\ESP32-S3-Touch-LCD-1.54\01_factory\components\brookesia_core
      type: local
    version: 0.6.0-beta2
  espressif/button:
    component_hash: d0afa32f0e50d60bc0c6fc23f7eea98adc6b02cfe70b590bc52c23c506745287
    dependencies:
    - name: espressif/cmake_utilities
      registry_url: https://components.espressif.com
      require: private
      version: '*'
    - name: idf
      require: private
      version: '>=4.0'
    source:
      registry_url: https://components.espressif.com/
      type: service
    version: 4.1.6
  espressif/cmake_utilities:
    component_hash: 351350613ceafba240b761b4ea991e0f231ac7a9f59a9ee901f751bddc0bb18f
    dependencies:
    - name: idf
      require: private
      version: '>=4.1'
    source:
      registry_url: https://components.espressif.com/
      type: service
    version: 0.5.3
  espressif/esp-boost:
    component_hash: faf0cf16385575da381cde57989c14a82538ef90665fe7f7cec459a738c88fec
    dependencies:
    - name: idf
      require: private
      version: '>=5.3'
    source:
      registry_url: https://components.espressif.com/
      type: service
    version: 0.3.1
  espressif/esp-dsp:
    component_hash: 3e7bbd487f1357a1d4944d0c85966d049501ea281b8a4c7f93f7cfedd5b7f23d
    dependencies:
    - name: idf
      require: private
      version: '>=4.2'
    source:
      registry_url: https://components.espressif.com
      type: service
    version: 1.4.12
  espressif/esp-lib-utils:
    component_hash: 4ea629fce1e7e8a92d347d94b0e9dbb854ca3ecdf384ca6aa02677df9b4db735
    dependencies:
    - name: idf
      require: private
      version: '>=5.4'
    source:
      registry_url: https://components.espressif.com/
      type: service
    version: 0.3.0
  espressif/esp-sr:
    component_hash: b75f73cc0477767f155e06a0c482652bd28890aa53dc4f3828f47b7e332bf886
    dependencies:
    - name: espressif/esp-dsp
      registry_url: https://components.espressif.com
      require: private
      version: <=1.5.0
    - name: idf
      require: private
      version: '>=5.0'
    source:
      registry_url: https://components.espressif.com
      type: service
    version: 2.0.3
  espressif/esp_audio_codec:
    component_hash: 92cb0441b1602835f24eca63ab4a1528897a137527a6cadb2f8cd0eba32d76ff
    dependencies:
    - name: idf
      require: private
      version: '>=4.4'
    source:
      registry_url: https://components.espressif.com
      type: service
    version: 2.2.1
  espressif/esp_audio_effects:
    component_hash: 2cca6e0ed66cd75e2d0341ec55e5e1c2c25175855c1c93cce81bad38537729e8
    dependencies: []
    source:
      registry_url: https://components.espressif.com
      type: service
    version: 1.0.2
  espressif/esp_audio_simple_player:
    component_hash: 2361fd96e136b72774d4a19122d508ac22b2a404c90997c46608e9829e9f5b4a
    dependencies:
    - name: espressif/gmf_audio
      registry_url: https://components.espressif.com
      require: private
      version: ^0.6
    - name: espressif/gmf_io
      registry_url: https://components.espressif.com
      require: private
      version: ^0.6
    source:
      registry_url: https://components.espressif.com/
      type: service
    version: 0.9.3
  espressif/esp_codec_dev:
    component_hash: 0d9e9bc288156eb55f79338d312e1ebf8c9dfbd5e7d13ef0f20ccb031b4e15cf
    dependencies:
    - name: idf
      require: private
      version: '>=4.0'
    source:
      registry_url: https://components.espressif.com/
      type: service
    version: 1.5.4
  espressif/esp_coze:
    component_hash: 2908f874d708307be1379dee5e9ed2caa01f2cdbbd1232283b5656e22b688692
    dependencies:
    - name: espressif/esp_websocket_client
      registry_url: https://components.espressif.com
      require: private
      version: ^1.4.0
    source:
      registry_url: https://components.espressif.com/
      type: service
    targets:
    - esp32
    - esp32s3
    - esp32s2
    - esp32p4
    - esp32c3
    - esp32c6
    version: 0.6.0
  espressif/esp_io_expander:
    component_hash: 034903704f65e3994d7cce9d080b19d89525cf6d416574b932826adf680f3942
    dependencies:
    - name: idf
      require: private
      version: '>=4.4.2'
    source:
      registry_url: https://components.espressif.com
      type: service
    version: 1.2.0
  espressif/esp_io_expander_tca9554:
    component_hash: ee94a439ade1c17129a491efe572c600899306a2ffadbde491852d95333e28b4
    dependencies:
    - name: espressif/esp_io_expander
      registry_url: https://components.espressif.com
      require: public
      version: ^1.2.0
    - name: idf
      require: private
      version: '>=5.2'
    source:
      registry_url: https://components.espressif.com/
      type: service
    version: 2.0.3
  espressif/esp_lcd_st77916:
    component_hash: c0a565af3ea85a9d9f1e79b0e4d0829378db319bc4dab4939eca44361b3c5a1b
    dependencies:
    - name: espressif/cmake_utilities
      registry_url: https://components.espressif.com
      require: private
      version: 0.*
    - name: idf
      require: private
      version: '>=5.4'
    source:
      registry_url: https://components.espressif.com/
      type: service
    version: 2.0.2
  espressif/esp_lcd_touch:
    component_hash: 3f85a7d95af876f1a6ecca8eb90a81614890d0f03a038390804e5a77e2caf862
    dependencies:
    - name: idf
      require: private
      version: '>=4.4.2'
    source:
      registry_url: https://components.espressif.com
      type: service
    version: 1.2.1
  espressif/esp_lcd_touch_cst816s:
    component_hash: 6b11c489952c121396d4eaf5804b45e3f1f8dcd2c548dc6f2cbedf68622b013d
    dependencies:
    - name: espressif/esp_lcd_touch
      registry_url: https://components.espressif.com
      require: public
      version: ^1.2.0
    - name: idf
      require: private
      version: '>=4.4.2'
    source:
      registry_url: https://components.espressif.com/
      type: service
    version: 1.1.1
  espressif/esp_lv_decoder:
    component_hash: 864a3aee87eab3e2ff4ee69527050c543570cd92bd156b2c32009d9231414a63
    dependencies:
    - name: espressif/esp_new_jpeg
      registry_url: https://components.espressif.com
      require: private
      version: 0.*
    - name: espressif/libpng
      registry_url: https://components.espressif.com
      require: private
      version: 1.*
    - name: idf
      require: private
      version: '>=5.3'
    - name: lvgl/lvgl
      registry_url: https://components.espressif.com
      require: private
      version: '>=8,<10'
    source:
      registry_url: https://components.espressif.com
      type: service
    targets:
    - esp32
    - esp32s2
    - esp32s3
    - esp32p4
    - esp32c2
    - esp32c3
    - esp32c5
    - esp32c6
    version: 0.3.4
  espressif/esp_lv_fs:
    component_hash: 66896007884b817df34c964f9a114fff538ee2674e99fee7159162498b93f94b
    dependencies:
    - name: espressif/cmake_utilities
      registry_url: https://components.espressif.com
      require: private
      version: 0.*
    - name: espressif/esp_mmap_assets
      registry_url: https://components.espressif.com
      require: private
      version: '>=1.2'
    - name: idf
      require: private
      version: '>=4.4'
    - name: lvgl/lvgl
      registry_url: https://components.espressif.com
      require: private
      version: '>=8,<10'
    source:
      registry_url: https://components.espressif.com
      type: service
    version: 1.0.1
  espressif/esp_lvgl_adapter:
    component_hash: 70aa75937374c04030f080584eb339c71955dd1abfe4f8533298f210b757e942
    dependencies:
    - name: espressif/button
      registry_url: https://components.espressif.com
      require: public
      version: 4.*
    - name: espressif/esp_lcd_touch
      registry_url: https://components.espressif.com
      require: public
      version: 1.*
    - name: espressif/esp_lv_decoder
      registry_url: https://components.espressif.com
      require: public
      version: 0.*
    - name: espressif/esp_lv_fs
      registry_url: https://components.espressif.com
      require: public
      version: 1.*
    - name: espressif/freetype
      registry_url: https://components.espressif.com
      require: public
      version: 2.*
    - name: espressif/knob
      registry_url: https://components.espressif.com
      require: public
      version: 1.*
    - name: idf
      require: private
      version: '>=5.5'
    - name: lvgl/lvgl
      registry_url: https://components.espressif.com
      require: private
      version: '>=8,<10'
    source:
      registry_url: https://components.espressif.com/
      type: service
    version: 0.3.2
  espressif/esp_mmap_assets:
    component_hash: b47cf5249d7a7ba8448f165c6de395503a2c2695769ff6d3fa06f2fa4595b270
    dependencies:
    - name: espressif/cmake_utilities
      registry_url: https://components.espressif.com
      require: private
      version: 0.*
    - name: idf
      require: private
      version: '>=5.0'
    source:
      registry_url: https://components.espressif.com/
      type: service
    version: 1.3.2
  espressif/esp_new_jpeg:
    component_hash: e6af208a875abd0ecfc0213d3751a11b504b463ebde6930f24096047925fa5c1
    dependencies: []
    source:
      registry_url: https://components.espressif.com
      type: service
    targets:
    - esp32
    - esp32s2
    - esp32s3
    - esp32p4
    - esp32c2
    - esp32c3
    - esp32c5
    - esp32c6
    version: 0.6.1
  espressif/esp_websocket_client:
    component_hash: c5a067a9fddea370c478017e66fac302f4b79c3d4027e9bdd42a019786cceb92
    dependencies:
    - name: idf
      require: private
      version: '>=5.0'
    source:
      registry_url: https://components.espressif.com/
      type: service
    version: 1.6.1
  espressif/freetype:
    component_hash: a4169cdd22b3572342b2d640d7082405b8895e3214539283601c03412589b65d
    dependencies:
    - name: idf
      require: private
      version: '>=4.4'
    source:
      registry_url: https://components.espressif.com
      type: service
    version: 2.14.2
  espressif/gmf_ai_audio:
    component_hash: 06bf4ff0d1eacf78e0e87d625da3b74becca7e2ccdb59a14accbb5ecc405697e
    dependencies:
    - name: espressif/esp-sr
      registry_url: https://components.espressif.com
      require: private
      version: 2.0.3
    - name: espressif/gmf_core
      registry_url: https://components.espressif.com
      require: private
      version: ^0.6
    source:
      registry_url: https://components.espressif.com/
      type: service
    version: 0.6.2
  espressif/gmf_audio:
    component_hash: e57b39b200ffb7d759ab19ed94e6fb91fbfe98415d0bfbf572af491500a1407e
    dependencies:
    - name: espressif/esp_audio_codec
      registry_url: https://components.espressif.com
      require: private
      version: ~2.2
    - name: espressif/esp_audio_effects
      registry_url: https://components.espressif.com
      require: private
      version: ~1.0
    - name: espressif/gmf_core
      registry_url: https://components.espressif.com
      require: private
      version: ^0.6
    source:
      registry_url: https://components.espressif.com/
      type: service
    version: 0.6.3
  espressif/gmf_core:
    component_hash: 6e36a0c87d0c43582c0e0195e00df01adf560da87d7bfbe059b52ec4659f67ab
    dependencies: []
    source:
      registry_url: https://components.espressif.com/
      type: service
    version: 0.6.1
  espressif/gmf_io:
    component_hash: 3fbf2c5f05ae494dd27b30dd3cc02e2f28a1e4ad9324db3a3905e0c09de90b7b
    dependencies:
    - name: espressif/esp_codec_dev
      registry_url: https://components.espressif.com
      require: private
      version: '*'
    - name: espressif/gmf_core
      registry_url: https://components.espressif.com
      require: private
      version: ^0.6
    source:
      registry_url: https://components.espressif.com/
      type: service
    version: 0.6.1
  espressif/gmf_misc:
    component_hash: da408e1eadf478fc0febb309b28d9f21c3ed5f2bc1fdb28f4ee0617f8a837c45
    dependencies:
    - name: espressif/gmf_core
      registry_url: https://components.espressif.com
      require: private
      version: '>=0.6'
    source:
      registry_url: https://components.espressif.com/
      type: service
    version: 0.6.1
  espressif/knob:
    component_hash: 138ed090b4c9090a0a678f695b9d1884b368130c729b7333ed35bd7f4e8da80e
    dependencies:
    - name: espressif/cmake_utilities
      registry_url: https://components.espressif.com
      require: private
      version: 0.*
    - name: idf
      require: private
      version: '>=4.4.1'
    source:
      registry_url: https://components.espressif.com
      type: service
    version: 1.0.2
  espressif/libpng:
    component_hash: 8c426d10dc2bf187aafd84ef42834e1a44835ed08a293d78683eb7811d8f8c25
    dependencies:
    - name: idf
      require: private
      version: '>=5.0'
    - name: espressif/zlib
      registry_url: https://components.espressif.com
      require: private
      version: ^1.2.13
    source:
      registry_url: https://components.espressif.com
      type: service
    version: 1.6.55
  espressif/zlib:
    component_hash: 64ea2fd6754c5a05951f1ddb312ac835cd782e68cb5bd9dfcd1c3a107c8fbfbc
    dependencies:
    - name: idf
      require: private
      version: '>=4.4'
    source:
      registry_url: https://components.espressif.com
      type: service
    version: 1.3.2
  espressif2022/image_player:
    component_hash: 0e42ed1c9665debd15f2f3e7e56519100e75e446410962226cb5e5402da3fa43
    dependencies:
    - name: espressif/cmake_utilities
      registry_url: https://components.espressif.com
      require: private
      version: 0.*
    - name: idf
      require: private
      version: '>=5.0'
    source:
      registry_url: https://components.espressif.com/
      type: service
    version: 1.1.1
  idf:
    source:
      type: idf
    version: 5.5.1
  lvgl/lvgl:
    component_hash: 184e532558c1c45fefed631f3e235423d22582aafb4630f3e8885c35281a49ae
    dependencies: []
    source:
      registry_url: https://components.espressif.com/
      type: service
    version: 9.5.0
  waveshare/pcf85063a:
    component_hash: 9e0088c12613e5bb955e021c3526d82bf964b62dd383db5189c2ffaee7f637ef
    dependencies:
    - name: idf
      require: private
      version: '>=5.3.2'
    source:
      registry_url: https://components.espressif.com/
      type: service
    version: 1.1.1
direct_dependencies:
- espressif/brookesia_core
- espressif/button
- espressif/cmake_utilities
- espressif/esp-boost
- espressif/esp-lib-utils
- espressif/esp_audio_simple_player
- espressif/esp_codec_dev
- espressif/esp_coze
- espressif/esp_io_expander_tca9554
- espressif/esp_lcd_st77916
- espressif/esp_lcd_touch_cst816s
- espressif/esp_lvgl_adapter
- espressif/esp_mmap_assets
- espressif/esp_websocket_client
- espressif/gmf_ai_audio
- espressif/gmf_audio
- espressif/gmf_core
- espressif/gmf_io
- espressif/gmf_misc
- espressif2022/image_player
- idf
- lvgl/lvgl
- waveshare/pcf85063a
manifest_hash: 36f177d607426604ec1c5eda8cd1100d4fd213d19e40fa542b038b970c1f8c1c
target: esp32s3
version: 2.0.0
